
Microsoft Visual Studio Solution File, Format Version 12.00
# Visual Studio Version 16
VisualStudioVersion = 16.0.31410.357
MinimumVisualStudioVersion = 10.0.40219.1
Project("{FAE04EC0-301F-11D3-BF4B-00C04F79EFBC}") = "LogicalPrograms", "LogicalPrograms\LogicalPrograms.csproj", "{D3A1B77E-BC56-4992-ADE9-D3EBB8A7A3AE}"
EndProject
Global
	GlobalSection(SolutionConfigurationPlatforms) = preSolution
		Debug|Any CPU = Debug|Any CPU
		Release|Any CPU = Release|Any CPU
	EndGlobalSection
	GlobalSection(ProjectConfigurationPlatforms) = postSolution
		{D3A1B77E-BC56-4992-ADE9-D3EBB8A7A3AE}.Debug|Any CPU.ActiveCfg = Debug|Any CPU
		{D3A1B77E-BC56-4992-ADE9-D3EBB8A7A3AE}.Debug|Any CPU.Build.0 = Debug|Any CPU
		{D3A1B77E-BC56-4992-ADE9-D3EBB8A7A3AE}.Release|Any CPU.ActiveCfg = Release|Any CPU
		{D3A1B77E-BC56-4992-ADE9-D3EBB8A7A3AE}.Release|Any CPU.Build.0 = Release|Any CPU
	EndGlobalSection
	GlobalSection(SolutionProperties) = preSolution
		HideSolutionNode = FALSE
	EndGlobalSection
	GlobalSection(ExtensibilityGlobals) = postSolution
		SolutionGuid = {2CE9811F-E266-4B50-9E84-808863F90E09}
	EndGlobalSection
EndGlobal
